{
  "name": "e-dnevnik-plus-classic",
  "lockfileVersion": 3,
  "requires": true,
  "packages": {
    "": {
      "name": "e-dnevnik-plus-classic",
      "dependencies": {
        "typescript": "^6.0.3"
      },
      "devDependencies": {
        "chrome-types": "^0.1.428"
      }
    },
    "node_modules/chrome-types": {
      "version": "0.1.428",
      "resolved": "https://registry.npmjs.org/chrome-types/-/chrome-types-0.1.428.tgz",
      "integrity": "sha512-Z1rNOAu7v97Jfb5ekIesFFlOWV05oI+Oy+RUVkXs19l0nXhQLg/kh6kW71ao/TWhDoeHPhxeiEfQWWWQdIT6gA==",
      "dev": true,
      "license": "Apache-2.0"
    },
    "node_modules/typescript": {
      "version": "6.0.3",
      "resolved": "https://registry.npmjs.org/typescript/-/typescript-6.0.3.tgz",
      "integrity": "sha512-y2TvuxSZPDyQakkFRPZHKFm+KKVqIisdg9/CZwm9ftvKXLP8NRWj38/ODjNbr43SsoXqNuAisEf1GdCxqWcdBw==",
      "license": "Apache-2.0",
      "bin": {
        "tsc": "bin/tsc",
        "tsserver": "bin/tsserver"
      },
      "engines": {
        "node": ">=14.17"
      }
    }
  }
}
